// !$*UTF8*$!
{
	archiveVersion = 1;
	classes = {
	};
	objectVersion = 50;
	objects = {

/* Begin PBXBuildFile section */
		442DA59525C7E8B000567DAD /* OrdersViewController.swift in Sources */ = {isa = PBXBuildFile; fileRef = 442DA59425C7E8B000567DAD /* OrdersViewController.swift */; };
		443B59A025BEC0AE00533942 /* AppDelegate.swift in Sources */ = {isa = PBXBuildFile; fileRef = 443B599F25BEC0AE00533942 /* AppDelegate.swift */; };
		443B59A225BEC0AE00533942 /* SceneDelegate.swift in Sources */ = {isa = PBXBuildFile; fileRef = 443B59A125BEC0AE00533942 /* SceneDelegate.swift */; };
		443B59A425BEC0AE00533942 /* ViewController.swift in Sources */ = {isa = PBXBuildFile; fileRef = 443B59A325BEC0AE00533942 /* ViewController.swift */; };
		443B59A725BEC0AE00533942 /* Main.storyboard in Resources */ = {isa = PBXBuildFile; fileRef = 443B59A525BEC0AE00533942 /* Main.storyboard */; };
		443B59A925BEC0B000533942 /* Assets.xcassets in Resources */ = {isa = PBXBuildFile; fileRef = 443B59A825BEC0B000533942 /* Assets.xcassets */; };
		443B59AC25BEC0B000533942 /* LaunchScreen.storyboard in Resources */ = {isa = PBXBuildFile; fileRef = 443B59AA25BEC0B000533942 /* LaunchScreen.storyboard */; };
/* End PBXBuildFile section */

/* Begin PBXFileReference section */
		442DA59425C7E8B000567DAD /* OrdersViewController.swift */ = {isa = PBXFileReference; lastKnownFileType = sourcecode.swift; path = OrdersViewController.swift; sourceTree = "<group>"; };
		443B599C25BEC0AE00533942 /* projet_ios_restaurant.app */ = {isa = PBXFileReference; explicitFileType = wrapper.application; includeInIndex = 0; path = projet_ios_restaurant.app; sourceTree = BUILT_PRODUCTS_DIR; };
		443B599F25BEC0AE00533942 /* AppDelegate.swift */ = {isa = PBXFileReference; lastKnownFileType = sourcecode.swift; path = AppDelegate.swift; sourceTree = "<group>"; };
		443B59A125BEC0AE00533942 /* SceneDelegate.swift */ = {isa = PBXFileReference; lastKnownFileType = sourcecode.swift; path = SceneDelegate.swift; sourceTree = "<group>"; };
		443B59A325BEC0AE00533942 /* ViewController.swift */ = {isa = PBXFileReference; lastKnownFileType = sourcecode.swift; path = ViewController.swift; sourceTree = "<group>"; };
		443B59A625BEC0AE00533942 /* Base */ = {isa = PBXFileReference; lastKnownFileType = file.storyboard; name = Base; path = Base.lproj/Main.storyboard; sourceTree = "<group>"; };
		443B59A825BEC0B000533942 /* Assets.xcassets */ = {isa = PBXFileReference; lastKnownFileType = folder.assetcatalog; path = Assets.xcassets; sourceTree = "<group>"; };
		443B59AB25BEC0B000533942 /* Base */ = {isa = PBXFileReference; lastKnownFileType = file.storyboard; name = Base; path = Base.lproj/LaunchScreen.storyboard; sourceTree = "<group>"; };
		443B59AD25BEC0B000533942 /* Info.plist */ = {isa = PBXFileReference; lastKnownFileType = text.plist.xml; path = Info.plist; sourceTree = "<group>"; };
/* End PBXFileReference section */

/* Begin PBXFrameworksBuildPhase section */
		443B599925BEC0AE00533942 /* Frameworks */ = {
			isa = PBXFrameworksBuildPhase;
			buildActionMask = 2147483647;
			files = (
			);
			runOnlyForDeploymentPostprocessing = 0;
		};
/* End PBXFrameworksBuildPhase section */

/* Begin PBXGroup section */
		443B599325BEC0AE00533942 = {
			isa = PBXGroup;
			children = (
				443B599E25BEC0AE00533942 /* projet_ios_restaurant */,
				443B599D25BEC0AE00533942 /* Products */,
			);
			sourceTree = "<group>";
		};
		443B599D25BEC0AE00533942 /* Products */ = {
			isa = PBXGroup;
			children = (
				443B599C25BEC0AE00533942 /* projet_ios_restaurant.app */,
			);
			name = Products;
			sourceTree = "<group>";
		};
		443B599E25BEC0AE00533942 /* projet_ios_restaurant */ = {
			isa = PBXGroup;
			children = (
				443B599F25BEC0AE00533942 /* AppDelegate.swift */,
				443B59A125BEC0AE00533942 /* SceneDelegate.swift */,
				443B59A325BEC0AE00533942 /* ViewController.swift */,
				443B59A525BEC0AE00533942 /* Main.storyboard */,
				443B59A825BEC0B000533942 /* Assets.xcassets */,
				443B59AA25BEC0B000533942 /* LaunchScreen.storyboard */,
				443B59AD25BEC0B000533942 /* Info.plist */,
				442DA59425C7E8B000567DAD /* OrdersViewController.swift */,
			);
			path = projet_ios_restaurant;
			sourceTree = "<group>";
		};
/* End PBXGroup section */

/* Begin PBXNativeTarget section */
		443B599B25BEC0AE00533942 /* projet_ios_restaurant */ = {
			isa = PBXNativeTarget;
			buildConfigurationList = 443B59B025BEC0B000533942 /* Build configuration list for PBXNativeTarget "projet_ios_restaurant" */;
			buildPhases = (
				443B599825BEC0AE00533942 /* Sources */,
				443B599925BEC0AE00533942 /* Frameworks */,
				443B599A25BEC0AE00533942 /* Resources */,
			);
			buildRules = (
			);
			dependencies = (
			);
			name = projet_ios_restaurant;
			productName = projet_ios_restaurant;
			productReference = 443B599C25BEC0AE00533942 /* projet_ios_restaurant.app */;
			productType = "com.apple.product-type.application";
		};
/* End PBXNativeTarget section */

/* Begin PBXProject section */
		443B599425BEC0AE00533942 /* Project object */ = {
			isa = PBXProject;
			attributes = {
				LastSwiftUpdateCheck = 1230;
				LastUpgradeCheck = 1230;
				TargetAttributes = {
					443B599B25BEC0AE00533942 = {
						CreatedOnToolsVersion = 12.3;
					};
				};
			};
			buildConfigurationList = 443B599725BEC0AE00533942 /* Build configuration list for PBXProject "projet_ios_restaurant" */;
			compatibilityVersion = "Xcode 9.3";
			developmentRegion = en;
			hasScannedForEncodings = 0;
			knownRegions = (
				en,
				Base,
			);
			mainGroup = 443B599325BEC0AE00533942;
			productRefGroup = 443B599D25BEC0AE00533942 /* Products */;
			projectDirPath = "";
			projectRoot = "";
			targets = (
				443B599B25BEC0AE00533942 /* projet_ios_restaurant */,
			);
		};
/* End PBXProject section */

/* Begin PBXResourcesBuildPhase section */
		443B599A25BEC0AE00533942 /* Resources */ = {
			isa = PBXResourcesBuildPhase;
			buildActionMask = 2147483647;
			files = (
				443B59AC25BEC0B000533942 /* LaunchScreen.storyboard in Resources */,
				443B59A925BEC0B000533942 /* Assets.xcassets in Resources */,
				443B59A725BEC0AE00533942 /* Main.storyboard in Resources */,
			);
			runOnlyForDeploymentPostprocessing = 0;
		};
/* End PBXResourcesBuildPhase section */

/* Begin PBXSourcesBuildPhase section */
		443B599825BEC0AE00533942 /* Sources */ = {
			isa = PBXSourcesBuildPhase;
			buildActionMask = 2147483647;
			files = (
				443B59A425BEC0AE00533942 /* ViewController.swift in Sources */,
				443B59A025BEC0AE00533942 /* AppDelegate.swift in Sources */,
				443B59A225BEC0AE00533942 /* SceneDelegate.swift in Sources */,
				442DA59525C7E8B000567DAD /* OrdersViewController.swift in Sources */,
			);
			runOnlyForDeploymentPostprocessing = 0;
		};
/* End PBXSourcesBuildPhase section */

/* Begin PBXVariantGroup section */
		443B59A525BEC0AE00533942 /* Main.storyboard */ = {
			isa = PBXVariantGroup;
			children = (
				443B59A625BEC0AE00533942 /* Base */,
			);
			name = Main.storyboard;
			sourceTree = "<group>";
		};
		443B59AA25BEC0B000533942 /* LaunchScreen.storyboard */ = {
			isa = PBXVariantGroup;
			children = (
				443B59AB25BEC0B000533942 /* Base */,
			);
			name = LaunchScreen.storyboard;
			sourceTree = "<group>";
		};
/* End PBXVariantGroup section */

/* Begin XCBuildConfiguration section */
		443B59AE25BEC0B000533942 /* Debug */ = {
			isa = XCBuildConfiguration;
			buildSettings = {
				ALWAYS_SEARCH_USER_PATHS = NO;
				CLANG_ANALYZER_NONNULL = YES;
				CLANG_ANALYZER_NUMBER_OBJECT_CONVERSION = YES_AGGRESSIVE;
				CLANG_CXX_LANGUAGE_STANDARD = "gnu++14";
				CLANG_CXX_LIBRARY = "libc++";
				CLANG_ENABLE_MODULES = YES;
				CLANG_ENABLE_OBJC_ARC = YES;
				CLANG_ENABLE_OBJC_WEAK = YES;
				CLANG_WARN_BLOCK_CAPTURE_AUTORELEASING = YES;
				CLANG_WARN_BOOL_CONVERSION = YES;
				CLANG_WARN_COMMA = YES;
				CLANG_WARN_CONSTANT_CONVERSION = YES;
				CLANG_WARN_DEPRECATED_OBJC_IMPLEMENTATIONS = YES;
				CLANG_WARN_DIRECT_OBJC_ISA_USAGE = YES_ERROR;
				CLANG_WARN_DOCUMENTATION_COMMENTS = YES;
				CLANG_WARN_EMPTY_BODY = YES;
				CLANG_WARN_ENUM_CONVERSION = YES;
				CLANG_WARN_INFINITE_RECURSION = YES;
				CLANG_WARN_INT_CONVERSION = YES;
				CLANG_WARN_NON_LITERAL_NULL_CONVERSION = YES;
				CLANG_WARN_OBJC_IMPLICIT_RETAIN_SELF = YES;
				CLANG_WARN_OBJC_LITERAL_CONVERSION = YES;
				CLANG_WARN_OBJC_ROOT_CLASS = YES_ERROR;
				CLANG_WARN_QUOTED_INCLUDE_IN_FRAMEWORK_HEADER = YES;
				CLANG_WARN_RANGE_LOOP_ANALYSIS = YES;
				CLANG_WARN_STRICT_PROTOTYPES = YES;
				CLANG_WARN_SUSPICIOUS_MOVE = YES;
				CLANG_WARN_UNGUARDED_AVAILABILITY = YES_AGGRESSIVE;
				CLANG_WARN_UNREACHABLE_CODE = YES;
				CLANG_WARN__DUPLICATE_METHOD_MATCH = YES;
				COPY_PHASE_STRIP = NO;
				DEBUG_INFORMATION_FORMAT = dwarf;
				ENABLE_STRICT_OBJC_MSGSEND = YES;
				ENABLE_TESTABILITY = YES;
				GCC_C_LANGUAGE_STANDARD = gnu11;
				GCC_DYNAMIC_NO_PIC = NO;
				GCC_NO_COMMON_BLOCKS = YES;
				GCC_OPTIMIZATION_LEVEL = 0;
				GCC_PREPROCESSOR_DEFINITIONS = (
					"DEBUG=1",
					"$(inherited)",
				);
				GCC_WARN_64_TO_32_BIT_CONVERSION = YES;
				GCC_WARN_ABOUT_RETURN_TYPE = YES_ERROR;
				GCC_WARN_UNDECLARED_SELECTOR = YES;
				GCC_WARN_UNINITIALIZED_AUTOS = YES_AGGRESSIVE;
				GCC_WARN_UNUSED_FUNCTION = YES;
				GCC_WARN_UNUSED_VARIABLE = YES;
				IPHONEOS_DEPLOYMENT_TARGET = 14.3;
				MTL_ENABLE_DEBUG_INFO = INCLUDE_SOURCE;
				MTL_FAST_MATH = YES;
				ONLY_ACTIVE_ARCH = YES;
				SDKROOT = iphoneos;
				SWIFT_ACTIVE_COMPILATION_CONDITIONS = DEBUG;
				SWIFT_OPTIMIZATION_LEVEL = "-Onone";
			};
			name = Debug;
		};
		443B59AF25BEC0B000533942 /* Release */ = {
			isa = XCBuildConfiguration;
			buildSettings = {
				ALWAYS_SEARCH_USER_PATHS = NO;
				CLANG_ANALYZER_NONNULL = YES;
				CLANG_ANALYZER_NUMBER_OBJECT_CONVERSION = YES_AGGRESSIVE;
				CLANG_CXX_LANGUAGE_STANDARD = "gnu++14";
				CLANG_CXX_LIBRARY = "libc++";
				CLANG_ENABLE_MODULES = YES;
				CLANG_ENABLE_OBJC_ARC = YES;
				CLANG_ENABLE_OBJC_WEAK = YES;
				CLANG_WARN_BLOCK_CAPTURE_AUTORELEASING = YES;
				CLANG_WARN_BOOL_CONVERSION = YES;
				CLANG_WARN_COMMA = YES;
				CLANG_WARN_CONSTANT_CONVERSION = YES;
				CLANG_WARN_DEPRECATED_OBJC_IMPLEMENTATIONS = YES;
				CLANG_WARN_DIRECT_OBJC_ISA_USAGE = YES_ERROR;
				CLANG_WARN_DOCUMENTATION_COMMENTS = YES;
				CLANG_WARN_EMPTY_BODY = YES;
				CLANG_WARN_ENUM_CONVERSION = YES;
				CLANG_WARN_INFINITE_RECURSION = YES;
				CLANG_WARN_INT_CONVERSION = YES;
				CLANG_WARN_NON_LITERAL_NULL_CONVERSION = YES;
				CLANG_WARN_OBJC_IMPLICIT_RETAIN_SELF = YES;
				CLANG_WARN_OBJC_LITERAL_CONVERSION = YES;
				CLANG_WARN_OBJC_ROOT_CLASS = YES_ERROR;
				CLANG_WARN_QUOTED_INCLUDE_IN_FRAMEWORK_HEADER = YES;
				CLANG_WARN_RANGE_LOOP_ANALYSIS = YES;
				CLANG_WARN_STRICT_PROTOTYPES = YES;
				CLANG_WARN_SUSPICIOUS_MOVE = YES;
				CLANG_WARN_UNGUARDED_AVAILABILITY = YES_AGGRESSIVE;
				CLANG_WARN_UNREACHABLE_CODE = YES;
				CLANG_WARN__DUPLICATE_METHOD_MATCH = YES;
				COPY_PHASE_STRIP = NO;
				DEBUG_INFORMATION_FORMAT = "dwarf-with-dsym";
				ENABLE_NS_ASSERTIONS = NO;
				ENABLE_STRICT_OBJC_MSGSEND = YES;
				GCC_C_LANGUAGE_STANDARD = gnu11;
				GCC_NO_COMMON_BLOCKS = YES;
				GCC_WARN_64_TO_32_BIT_CONVERSION = YES;
				GCC_WARN_ABOUT_RETURN_TYPE = YES_ERROR;
				GCC_WARN_UNDECLARED_SELECTOR = YES;
				GCC_WARN_UNINITIALIZED_AUTOS = YES_AGGRESSIVE;
				GCC_WARN_UNUSED_FUNCTION = YES;
				GCC_WARN_UNUSED_VARIABLE = YES;
				IPHONEOS_DEPLOYMENT_TARGET = 14.3;
				MTL_ENABLE_DEBUG_INFO = NO;
				MTL_FAST_MATH = YES;
				SDKROOT = iphoneos;
				SWIFT_COMPILATION_MODE = wholemodule;
				SWIFT_OPTIMIZATION_LEVEL = "-O";
				VALIDATE_PRODUCT = YES;
			};
			name = Release;
		};
		443B59B125BEC0B000533942 /* Debug */ = {
			isa = XCBuildConfiguration;
			buildSettings = {
				ASSETCATALOG_COMPILER_APPICON_NAME = AppIcon;
				ASSETCATALOG_COMPILER_GLOBAL_ACCENT_COLOR_NAME = AccentColor;
				CODE_SIGN_STYLE = Automatic;
				INFOPLIST_FILE = projet_ios_restaurant/Info.plist;
				LD_RUNPATH_SEARCH_PATHS = (
					"$(inherited)",
					"@executable_path/Frameworks",
				);
				PRODUCT_BUNDLE_IDENTIFIER = "com.nassih-operman-treyer-vandaele.projet-ios-restaurant";
				PRODUCT_NAME = "$(TARGET_NAME)";
				SWIFT_VERSION = 5.0;
				TARGETED_DEVICE_FAMILY = "1,2";
			};
			name = Debug;
		};
		443B59B225BEC0B000533942 /* Release */ = {
			isa = XCBuildConfiguration;
			buildSettings = {
				ASSETCATALOG_COMPILER_APPICON_NAME = AppIcon;
				ASSETCATALOG_COMPILER_GLOBAL_ACCENT_COLOR_NAME = AccentColor;
				CODE_SIGN_STYLE = Automatic;
				INFOPLIST_FILE = projet_ios_restaurant/Info.plist;
				LD_RUNPATH_SEARCH_PATHS = (
					"$(inherited)",
					"@executable_path/Frameworks",
				);
				PRODUCT_BUNDLE_IDENTIFIER = "com.nassih-operman-treyer-vandaele.projet-ios-restaurant";
				PRODUCT_NAME = "$(TARGET_NAME)";
				SWIFT_VERSION = 5.0;
				TARGETED_DEVICE_FAMILY = "1,2";
			};
			name = Release;
		};
/* End XCBuildConfiguration section */

/* Begin XCConfigurationList section */
		443B599725BEC0AE00533942 /* Build configuration list for PBXProject "projet_ios_restaurant" */ = {
			isa = XCConfigurationList;
			buildConfigurations = (
				443B59AE25BEC0B000533942 /* Debug */,
				443B59AF25BEC0B000533942 /* Release */,
			);
			defaultConfigurationIsVisible = 0;
			defaultConfigurationName = Release;
		};
		443B59B025BEC0B000533942 /* Build configuration list for PBXNativeTarget "projet_ios_restaurant" */ = {
			isa = XCConfigurationList;
			buildConfigurations = (
				443B59B125BEC0B000533942 /* Debug */,
				443B59B225BEC0B000533942 /* Release */,
			);
			defaultConfigurationIsVisible = 0;
			defaultConfigurationName = Release;
		};
/* End XCConfigurationList section */
	};
	rootObject = 443B599425BEC0AE00533942 /* Project object */;
}
